
Microsoft Visual Studio Solution File, Format Version 11.00
# Visual Studio 2010
Project("{FAE04EC0-301F-11D3-BF4B-00C04F79EFBC}") = "Assembly-CSharp", "Assembly-CSharp.csproj", "{b06ef41d-96dc-ea8a-ac24-1afaa0eafde9}"
EndProject
Project("{FAE04EC0-301F-11D3-BF4B-00C04F79EFBC}") = "Danqzq.LeaderboardCreator", "Danqzq.LeaderboardCreator.csproj", "{87bff483-45bb-a95f-d4e4-6269e4e58be5}"
EndProject
Project("{FAE04EC0-301F-11D3-BF4B-00C04F79EFBC}") = "LeaderboardCreatorEditor", "LeaderboardCreatorEditor.csproj", "{88e16dca-4220-ba95-b50b-114d72f26502}"
EndProject
Global
	GlobalSection(SolutionConfigurationPlatforms) = preSolution
		Debug|Any CPU = Debug|Any CPU
	EndGlobalSection
	GlobalSection(ProjectConfigurationPlatforms) = postSolution
		{b06ef41d-96dc-ea8a-ac24-1afaa0eafde9}.Debug|Any CPU.ActiveCfg = Debug|Any CPU
		{b06ef41d-96dc-ea8a-ac24-1afaa0eafde9}.Debug|Any CPU.Build.0 = Debug|Any CPU
		{87bff483-45bb-a95f-d4e4-6269e4e58be5}.Debug|Any CPU.ActiveCfg = Debug|Any CPU
		{87bff483-45bb-a95f-d4e4-6269e4e58be5}.Debug|Any CPU.Build.0 = Debug|Any CPU
		{88e16dca-4220-ba95-b50b-114d72f26502}.Debug|Any CPU.ActiveCfg = Debug|Any CPU
		{88e16dca-4220-ba95-b50b-114d72f26502}.Debug|Any CPU.Build.0 = Debug|Any CPU
	EndGlobalSection
	GlobalSection(SolutionProperties) = preSolution
		HideSolutionNode = FALSE
	EndGlobalSection
EndGlobal
